
Microsoft Visual Studio Solution File, Format Version 12.00
# Visual Studio 14
VisualStudioVersion = 14.0.24720.0
MinimumVisualStudioVersion = 10.0.40219.1
Project("{FAE04EC0-301F-11D3-BF4B-00C04F79EFBC}") = "AnimateAddRemoveTest", "AnimateAddRemoveTest\AnimateAddRemoveTest.csproj", "{D326482F-B027-4121-977B-4B79914A8C68}"
EndProject
Project("{FAE04EC0-301F-11D3-BF4B-00C04F79EFBC}") = "BehaviorLib", "BehaviorLib\BehaviorLib.csproj", "{2B17665A-1C7D-48D6-9198-3FBC3EDA1D97}"
EndProject
Project("{FAE04EC0-301F-11D3-BF4B-00C04F79EFBC}") = "DragTest", "DragTest\DragTest.csproj", "{DCAD3CF4-0FC5-439E-B6A8-8FA0E9CE3B49}"
EndProject
Global
	GlobalSection(SolutionConfigurationPlatforms) = preSolution
		Debug|Any CPU = Debug|Any CPU
		Release|Any CPU = Release|Any CPU
	EndGlobalSection
	GlobalSection(ProjectConfigurationPlatforms) = postSolution
		{D326482F-B027-4121-977B-4B79914A8C68}.Debug|Any CPU.ActiveCfg = Debug|Any CPU
		{D326482F-B027-4121-977B-4B79914A8C68}.Debug|Any CPU.Build.0 = Debug|Any CPU
		{D326482F-B027-4121-977B-4B79914A8C68}.Release|Any CPU.ActiveCfg = Release|Any CPU
		{D326482F-B027-4121-977B-4B79914A8C68}.Release|Any CPU.Build.0 = Release|Any CPU
		{2B17665A-1C7D-48D6-9198-3FBC3EDA1D97}.Debug|Any CPU.ActiveCfg = Debug|Any CPU
		{2B17665A-1C7D-48D6-9198-3FBC3EDA1D97}.Debug|Any CPU.Build.0 = Debug|Any CPU
		{2B17665A-1C7D-48D6-9198-3FBC3EDA1D97}.Release|Any CPU.ActiveCfg = Release|Any CPU
		{2B17665A-1C7D-48D6-9198-3FBC3EDA1D97}.Release|Any CPU.Build.0 = Release|Any CPU
		{DCAD3CF4-0FC5-439E-B6A8-8FA0E9CE3B49}.Debug|Any CPU.ActiveCfg = Debug|Any CPU
		{DCAD3CF4-0FC5-439E-B6A8-8FA0E9CE3B49}.Debug|Any CPU.Build.0 = Debug|Any CPU
		{DCAD3CF4-0FC5-439E-B6A8-8FA0E9CE3B49}.Release|Any CPU.ActiveCfg = Release|Any CPU
		{DCAD3CF4-0FC5-439E-B6A8-8FA0E9CE3B49}.Release|Any CPU.Build.0 = Release|Any CPU
	EndGlobalSection
	GlobalSection(SolutionProperties) = preSolution
		HideSolutionNode = FALSE
	EndGlobalSection
EndGlobal
